// !$*UTF8*$!
{
	archiveVersion = 1;
	classes = {
	};
	objectVersion = 46;
	objects = {

/* Begin PBXBuildFile section */
		542F43FE1754F8B300F7B9E5 /* UIKit.framework in Frameworks */ = {isa = PBXBuildFile; fileRef = 542F43FD1754F8B300F7B9E5 /* UIKit.framework */; };
		542F44001754F8B300F7B9E5 /* Foundation.framework in Frameworks */ = {isa = PBXBuildFile; fileRef = 542F43FF1754F8B300F7B9E5 /* Foundation.framework */; };
		542F44021754F8B300F7B9E5 /* CoreGraphics.framework in Frameworks */ = {isa = PBXBuildFile; fileRef = 542F44011754F8B300F7B9E5 /* CoreGraphics.framework */; };
		542F44081754F8B300F7B9E5 /* InfoPlist.strings in Resources */ = {isa = PBXBuildFile; fileRef = 542F44061754F8B300F7B9E5 /* InfoPlist.strings */; };
		542F440A1754F8B300F7B9E5 /* main.m in Sources */ = {isa = PBXBuildFile; fileRef = 542F44091754F8B300F7B9E5 /* main.m */; };
		542F440E1754F8B300F7B9E5 /* AppDelegate.mm in Sources */ = {isa = PBXBuildFile; fileRef = 542F440D1754F8B300F7B9E5 /* AppDelegate.mm */; };
		542F44101754F8B300F7B9E5 /* Default.png in Resources */ = {isa = PBXBuildFile; fileRef = 542F440F1754F8B300F7B9E5 /* Default.png */; };
		542F44121754F8B300F7B9E5 /* Default@2x.png in Resources */ = {isa = PBXBuildFile; fileRef = 542F44111754F8B300F7B9E5 /* Default@2x.png */; };
		542F44141754F8B300F7B9E5 /* Default-568h@2x.png in Resources */ = {isa = PBXBuildFile; fileRef = 542F44131754F8B300F7B9E5 /* Default-568h@2x.png */; };
		542F44171754F8B300F7B9E5 /* ViewController.mm in Sources */ = {isa = PBXBuildFile; fileRef = 542F44161754F8B300F7B9E5 /* ViewController.mm */; };
		542F442E1754FD2900F7B9E5 /* CoreWrapper.mm in Sources */ = {isa = PBXBuildFile; fileRef = 542F442D1754FD2900F7B9E5 /* CoreWrapper.mm */; };
		542F44301754FEFD00F7B9E5 /* libstdc++.dylib in Frameworks */ = {isa = PBXBuildFile; fileRef = 542F442F1754FEFD00F7B9E5 /* libstdc++.dylib */; };
		542F4436175502FF00F7B9E5 /* Core.cpp in Sources */ = {isa = PBXBuildFile; fileRef = 542F4434175502FF00F7B9E5 /* Core.cpp */; };
/* End PBXBuildFile section */

/* Begin PBXFileReference section */
		542F43FA1754F8B300F7B9E5 /* HelloCpp.app */ = {isa = PBXFileReference; explicitFileType = wrapper.application; includeInIndex = 0; path = HelloCpp.app; sourceTree = BUILT_PRODUCTS_DIR; };
		542F43FD1754F8B300F7B9E5 /* UIKit.framework */ = {isa = PBXFileReference; lastKnownFileType = wrapper.framework; name = UIKit.framework; path = System/Library/Frameworks/UIKit.framework; sourceTree = SDKROOT; };
		542F43FF1754F8B300F7B9E5 /* Foundation.framework */ = {isa = PBXFileReference; lastKnownFileType = wrapper.framework; name = Foundation.framework; path = System/Library/Frameworks/Foundation.framework; sourceTree = SDKROOT; };
		542F44011754F8B300F7B9E5 /* CoreGraphics.framework */ = {isa = PBXFileReference; lastKnownFileType = wrapper.framework; name = CoreGraphics.framework; path = System/Library/Frameworks/CoreGraphics.framework; sourceTree = SDKROOT; };
		542F44051754F8B300F7B9E5 /* HelloCpp-Info.plist */ = {isa = PBXFileReference; lastKnownFileType = text.plist.xml; path = "HelloCpp-Info.plist"; sourceTree = "<group>"; };
		542F44071754F8B300F7B9E5 /* en */ = {isa = PBXFileReference; lastKnownFileType = text.plist.strings; name = en; path = en.lproj/InfoPlist.strings; sourceTree = "<group>"; };
		542F44091754F8B300F7B9E5 /* main.m */ = {isa = PBXFileReference; lastKnownFileType = sourcecode.c.objc; path = main.m; sourceTree = "<group>"; };
		542F440B1754F8B300F7B9E5 /* HelloCpp-Prefix.pch */ = {isa = PBXFileReference; lastKnownFileType = sourcecode.c.h; path = "HelloCpp-Prefix.pch"; sourceTree = "<group>"; };
		542F440C1754F8B300F7B9E5 /* AppDelegate.h */ = {isa = PBXFileReference; lastKnownFileType = sourcecode.c.h; path = AppDelegate.h; sourceTree = "<group>"; };
		542F440D1754F8B300F7B9E5 /* AppDelegate.mm */ = {isa = PBXFileReference; lastKnownFileType = sourcecode.cpp.objcpp; path = AppDelegate.mm; sourceTree = "<group>"; };
		542F440F1754F8B300F7B9E5 /* Default.png */ = {isa = PBXFileReference; lastKnownFileType = image.png; path = Default.png; sourceTree = "<group>"; };
		542F44111754F8B300F7B9E5 /* Default@2x.png */ = {isa = PBXFileReference; lastKnownFileType = image.png; path = "Default@2x.png"; sourceTree = "<group>"; };
		542F44131754F8B300F7B9E5 /* Default-568h@2x.png */ = {isa = PBXFileReference; lastKnownFileType = image.png; path = "Default-568h@2x.png"; sourceTree = "<group>"; };
		542F44151754F8B300F7B9E5 /* ViewController.h */ = {isa = PBXFileReference; lastKnownFileType = sourcecode.c.h; path = ViewController.h; sourceTree = "<group>"; };
		542F44161754F8B300F7B9E5 /* ViewController.mm */ = {isa = PBXFileReference; lastKnownFileType = sourcecode.cpp.objcpp; path = ViewController.mm; sourceTree = "<group>"; };
		542F442C1754FD2900F7B9E5 /* CoreWrapper.h */ = {isa = PBXFileReference; fileEncoding = 4; lastKnownFileType = sourcecode.c.h; path = CoreWrapper.h; sourceTree = "<group>"; };
		542F442D1754FD2900F7B9E5 /* CoreWrapper.mm */ = {isa = PBXFileReference; fileEncoding = 4; lastKnownFileType = sourcecode.cpp.objcpp; path = CoreWrapper.mm; sourceTree = "<group>"; };
		542F442F1754FEFD00F7B9E5 /* libstdc++.dylib */ = {isa = PBXFileReference; lastKnownFileType = "compiled.mach-o.dylib"; name = "libstdc++.dylib"; path = "usr/lib/libstdc++.dylib"; sourceTree = SDKROOT; };
		542F4434175502FF00F7B9E5 /* Core.cpp */ = {isa = PBXFileReference; fileEncoding = 4; lastKnownFileType = sourcecode.cpp.cpp; path = Core.cpp; sourceTree = "<group>"; };
		542F4435175502FF00F7B9E5 /* Core.h */ = {isa = PBXFileReference; fileEncoding = 4; lastKnownFileType = sourcecode.c.h; path = Core.h; sourceTree = "<group>"; };
/* End PBXFileReference section */

/* Begin PBXFrameworksBuildPhase section */
		542F43F71754F8B300F7B9E5 /* Frameworks */ = {
			isa = PBXFrameworksBuildPhase;
			buildActionMask = 2147483647;
			files = (
				542F44301754FEFD00F7B9E5 /* libstdc++.dylib in Frameworks */,
				542F43FE1754F8B300F7B9E5 /* UIKit.framework in Frameworks */,
				542F44001754F8B300F7B9E5 /* Foundation.framework in Frameworks */,
				542F44021754F8B300F7B9E5 /* CoreGraphics.framework in Frameworks */,
			);
			runOnlyForDeploymentPostprocessing = 0;
		};
/* End PBXFrameworksBuildPhase section */

/* Begin PBXGroup section */
		542F43F11754F8B200F7B9E5 = {
			isa = PBXGroup;
			children = (
				542F44031754F8B300F7B9E5 /* HelloCpp */,
				542F43FC1754F8B300F7B9E5 /* Frameworks */,
				542F43FB1754F8B300F7B9E5 /* Products */,
			);
			sourceTree = "<group>";
		};
		542F43FB1754F8B300F7B9E5 /* Products */ = {
			isa = PBXGroup;
			children = (
				542F43FA1754F8B300F7B9E5 /* HelloCpp.app */,
			);
			name = Products;
			sourceTree = "<group>";
		};
		542F43FC1754F8B300F7B9E5 /* Frameworks */ = {
			isa = PBXGroup;
			children = (
				542F442F1754FEFD00F7B9E5 /* libstdc++.dylib */,
				542F43FD1754F8B300F7B9E5 /* UIKit.framework */,
				542F43FF1754F8B300F7B9E5 /* Foundation.framework */,
				542F44011754F8B300F7B9E5 /* CoreGraphics.framework */,
			);
			name = Frameworks;
			sourceTree = "<group>";
		};
		542F44031754F8B300F7B9E5 /* HelloCpp */ = {
			isa = PBXGroup;
			children = (
				542F4433175502FF00F7B9E5 /* CPP */,
				542F442B1754FD0000F7B9E5 /* Wrapper */,
				542F440C1754F8B300F7B9E5 /* AppDelegate.h */,
				542F440D1754F8B300F7B9E5 /* AppDelegate.mm */,
				542F44151754F8B300F7B9E5 /* ViewController.h */,
				542F44161754F8B300F7B9E5 /* ViewController.mm */,
				542F44041754F8B300F7B9E5 /* Supporting Files */,
			);
			path = HelloCpp;
			sourceTree = "<group>";
		};
		542F44041754F8B300F7B9E5 /* Supporting Files */ = {
			isa = PBXGroup;
			children = (
				542F44051754F8B300F7B9E5 /* HelloCpp-Info.plist */,
				542F44061754F8B300F7B9E5 /* InfoPlist.strings */,
				542F44091754F8B300F7B9E5 /* main.m */,
				542F440B1754F8B300F7B9E5 /* HelloCpp-Prefix.pch */,
				542F440F1754F8B300F7B9E5 /* Default.png */,
				542F44111754F8B300F7B9E5 /* Default@2x.png */,
				542F44131754F8B300F7B9E5 /* Default-568h@2x.png */,
			);
			name = "Supporting Files";
			sourceTree = "<group>";
		};
		542F442B1754FD0000F7B9E5 /* Wrapper */ = {
			isa = PBXGroup;
			children = (
				542F442C1754FD2900F7B9E5 /* CoreWrapper.h */,
				542F442D1754FD2900F7B9E5 /* CoreWrapper.mm */,
			);
			path = Wrapper;
			sourceTree = "<group>";
		};
		542F4433175502FF00F7B9E5 /* CPP */ = {
			isa = PBXGroup;
			children = (
				542F4434175502FF00F7B9E5 /* Core.cpp */,
				542F4435175502FF00F7B9E5 /* Core.h */,
			);
			path = CPP;
			sourceTree = SOURCE_ROOT;
		};
/* End PBXGroup section */

/* Begin PBXNativeTarget section */
		542F43F91754F8B300F7B9E5 /* HelloCpp */ = {
			isa = PBXNativeTarget;
			buildConfigurationList = 542F44201754F8B300F7B9E5 /* Build configuration list for PBXNativeTarget "HelloCpp" */;
			buildPhases = (
				542F43F61754F8B300F7B9E5 /* Sources */,
				542F43F71754F8B300F7B9E5 /* Frameworks */,
				542F43F81754F8B300F7B9E5 /* Resources */,
			);
			buildRules = (
			);
			dependencies = (
			);
			name = HelloCpp;
			productName = HelloCpp;
			productReference = 542F43FA1754F8B300F7B9E5 /* HelloCpp.app */;
			productType = "com.apple.product-type.application";
		};
/* End PBXNativeTarget section */

/* Begin PBXProject section */
		542F43F21754F8B200F7B9E5 /* Project object */ = {
			isa = PBXProject;
			attributes = {
				LastUpgradeCheck = 0460;
				ORGANIZATIONNAME = Jurema;
			};
			buildConfigurationList = 542F43F51754F8B200F7B9E5 /* Build configuration list for PBXProject "HelloCpp" */;
			compatibilityVersion = "Xcode 3.2";
			developmentRegion = English;
			hasScannedForEncodings = 0;
			knownRegions = (
				en,
			);
			mainGroup = 542F43F11754F8B200F7B9E5;
			productRefGroup = 542F43FB1754F8B300F7B9E5 /* Products */;
			projectDirPath = "";
			projectRoot = "";
			targets = (
				542F43F91754F8B300F7B9E5 /* HelloCpp */,
			);
		};
/* End PBXProject section */

/* Begin PBXResourcesBuildPhase section */
		542F43F81754F8B300F7B9E5 /* Resources */ = {
			isa = PBXResourcesBuildPhase;
			buildActionMask = 2147483647;
			files = (
				542F44081754F8B300F7B9E5 /* InfoPlist.strings in Resources */,
				542F44101754F8B300F7B9E5 /* Default.png in Resources */,
				542F44121754F8B300F7B9E5 /* Default@2x.png in Resources */,
				542F44141754F8B300F7B9E5 /* Default-568h@2x.png in Resources */,
			);
			runOnlyForDeploymentPostprocessing = 0;
		};
/* End PBXResourcesBuildPhase section */

/* Begin PBXSourcesBuildPhase section */
		542F43F61754F8B300F7B9E5 /* Sources */ = {
			isa = PBXSourcesBuildPhase;
			buildActionMask = 2147483647;
			files = (
				542F440A1754F8B300F7B9E5 /* main.m in Sources */,
				542F440E1754F8B300F7B9E5 /* AppDelegate.mm in Sources */,
				542F44171754F8B300F7B9E5 /* ViewController.mm in Sources */,
				542F442E1754FD2900F7B9E5 /* CoreWrapper.mm in Sources */,
				542F4436175502FF00F7B9E5 /* Core.cpp in Sources */,
			);
			runOnlyForDeploymentPostprocessing = 0;
		};
/* End PBXSourcesBuildPhase section */

/* Begin PBXVariantGroup section */
		542F44061754F8B300F7B9E5 /* InfoPlist.strings */ = {
			isa = PBXVariantGroup;
			children = (
				542F44071754F8B300F7B9E5 /* en */,
			);
			name = InfoPlist.strings;
			sourceTree = "<group>";
		};
/* End PBXVariantGroup section */

/* Begin XCBuildConfiguration section */
		542F441E1754F8B300F7B9E5 /* Debug */ = {
			isa = XCBuildConfiguration;
			buildSettings = {
				ALWAYS_SEARCH_USER_PATHS = NO;
				CLANG_CXX_LANGUAGE_STANDARD = "gnu++0x";
				CLANG_CXX_LIBRARY = "libstdc++";
				CLANG_WARN_CONSTANT_CONVERSION = YES;
				CLANG_WARN_EMPTY_BODY = YES;
				CLANG_WARN_ENUM_CONVERSION = YES;
				CLANG_WARN_INT_CONVERSION = YES;
				CLANG_WARN__DUPLICATE_METHOD_MATCH = YES;
				"CODE_SIGN_IDENTITY[sdk=iphoneos*]" = "iPhone Developer";
				COPY_PHASE_STRIP = NO;
				GCC_C_LANGUAGE_STANDARD = gnu99;
				GCC_DYNAMIC_NO_PIC = NO;
				GCC_INPUT_FILETYPE = automatic;
				GCC_OPTIMIZATION_LEVEL = 0;
				GCC_PREPROCESSOR_DEFINITIONS = (
					"DEBUG=1",
					"$(inherited)",
				);
				GCC_SYMBOLS_PRIVATE_EXTERN = NO;
				GCC_WARN_ABOUT_RETURN_TYPE = YES;
				GCC_WARN_UNINITIALIZED_AUTOS = YES;
				GCC_WARN_UNUSED_VARIABLE = YES;
				IPHONEOS_DEPLOYMENT_TARGET = 6.1;
				ONLY_ACTIVE_ARCH = YES;
				SDKROOT = iphoneos;
				TARGETED_DEVICE_FAMILY = "1,2";
			};
			name = Debug;
		};
		542F441F1754F8B300F7B9E5 /* Release */ = {
			isa = XCBuildConfiguration;
			buildSettings = {
				ALWAYS_SEARCH_USER_PATHS = NO;
				CLANG_CXX_LANGUAGE_STANDARD = "gnu++0x";
				CLANG_CXX_LIBRARY = "libstdc++";
				CLANG_WARN_CONSTANT_CONVERSION = YES;
				CLANG_WARN_EMPTY_BODY = YES;
				CLANG_WARN_ENUM_CONVERSION = YES;
				CLANG_WARN_INT_CONVERSION = YES;
				CLANG_WARN__DUPLICATE_METHOD_MATCH = YES;
				"CODE_SIGN_IDENTITY[sdk=iphoneos*]" = "iPhone Developer";
				COPY_PHASE_STRIP = YES;
				GCC_C_LANGUAGE_STANDARD = gnu99;
				GCC_INPUT_FILETYPE = automatic;
				GCC_WARN_ABOUT_RETURN_TYPE = YES;
				GCC_WARN_UNINITIALIZED_AUTOS = YES;
				GCC_WARN_UNUSED_VARIABLE = YES;
				IPHONEOS_DEPLOYMENT_TARGET = 6.1;
				OTHER_CFLAGS = "-DNS_BLOCK_ASSERTIONS=1";
				SDKROOT = iphoneos;
				TARGETED_DEVICE_FAMILY = "1,2";
				VALIDATE_PRODUCT = YES;
			};
			name = Release;
		};
		542F44211754F8B300F7B9E5 /* Debug */ = {
			isa = XCBuildConfiguration;
			buildSettings = {
				CLANG_CXX_LIBRARY = "libstdc++";
				GCC_PRECOMPILE_PREFIX_HEADER = YES;
				GCC_PREFIX_HEADER = "HelloCpp/HelloCpp-Prefix.pch";
				INFOPLIST_FILE = "HelloCpp/HelloCpp-Info.plist";
				PRODUCT_NAME = "$(TARGET_NAME)";
				WRAPPER_EXTENSION = app;
			};
			name = Debug;
		};
		542F44221754F8B300F7B9E5 /* Release */ = {
			isa = XCBuildConfiguration;
			buildSettings = {
				CLANG_CXX_LIBRARY = "libstdc++";
				GCC_PRECOMPILE_PREFIX_HEADER = YES;
				GCC_PREFIX_HEADER = "HelloCpp/HelloCpp-Prefix.pch";
				INFOPLIST_FILE = "HelloCpp/HelloCpp-Info.plist";
				PRODUCT_NAME = "$(TARGET_NAME)";
				WRAPPER_EXTENSION = app;
			};
			name = Release;
		};
/* End XCBuildConfiguration section */

/* Begin XCConfigurationList section */
		542F43F51754F8B200F7B9E5 /* Build configuration list for PBXProject "HelloCpp" */ = {
			isa = XCConfigurationList;
			buildConfigurations = (
				542F441E1754F8B300F7B9E5 /* Debug */,
				542F441F1754F8B300F7B9E5 /* Release */,
			);
			defaultConfigurationIsVisible = 0;
			defaultConfigurationName = Release;
		};
		542F44201754F8B300F7B9E5 /* Build configuration list for PBXNativeTarget "HelloCpp" */ = {
			isa = XCConfigurationList;
			buildConfigurations = (
				542F44211754F8B300F7B9E5 /* Debug */,
				542F44221754F8B300F7B9E5 /* Release */,
			);
			defaultConfigurationIsVisible = 0;
			defaultConfigurationName = Release;
		};
/* End XCConfigurationList section */
	};
	rootObject = 542F43F21754F8B200F7B9E5 /* Project object */;
}
