// !$*UTF8*$!
{
	archiveVersion = 1;
	classes = {
	};
	objectVersion = 48;
	objects = {

/* Begin PBXBuildFile section */
		5405F6DC1FCF5D4B0045D4B1 /* AppDelegate.swift in Sources */ = {isa = PBXBuildFile; fileRef = 5405F6DB1FCF5D4B0045D4B1 /* AppDelegate.swift */; };
		5405F6DE1FCF5D4B0045D4B1 /* ViewController.swift in Sources */ = {isa = PBXBuildFile; fileRef = 5405F6DD1FCF5D4B0045D4B1 /* ViewController.swift */; };
		5405F6E01FCF5D4B0045D4B1 /* Assets.xcassets in Resources */ = {isa = PBXBuildFile; fileRef = 5405F6DF1FCF5D4B0045D4B1 /* Assets.xcassets */; };
		5405F6E31FCF5D4B0045D4B1 /* Main.storyboard in Resources */ = {isa = PBXBuildFile; fileRef = 5405F6E11FCF5D4B0045D4B1 /* Main.storyboard */; };
		54C0BD071FCF5FFC0070924E /* CoreWrapper.mm in Sources */ = {isa = PBXBuildFile; fileRef = 54C0BD061FCF5FFC0070924E /* CoreWrapper.mm */; };
		54C0BD0A1FCF61AB0070924E /* Core.cpp in Sources */ = {isa = PBXBuildFile; fileRef = 54C0BD081FCF61AB0070924E /* Core.cpp */; };
/* End PBXBuildFile section */

/* Begin PBXFileReference section */
		5405F6D81FCF5D4B0045D4B1 /* AndroidIosCppExample.app */ = {isa = PBXFileReference; explicitFileType = wrapper.application; includeInIndex = 0; path = AndroidIosCppExample.app; sourceTree = BUILT_PRODUCTS_DIR; };
		5405F6DB1FCF5D4B0045D4B1 /* AppDelegate.swift */ = {isa = PBXFileReference; lastKnownFileType = sourcecode.swift; path = AppDelegate.swift; sourceTree = "<group>"; };
		5405F6DD1FCF5D4B0045D4B1 /* ViewController.swift */ = {isa = PBXFileReference; lastKnownFileType = sourcecode.swift; path = ViewController.swift; sourceTree = "<group>"; };
		5405F6DF1FCF5D4B0045D4B1 /* Assets.xcassets */ = {isa = PBXFileReference; lastKnownFileType = folder.assetcatalog; path = Assets.xcassets; sourceTree = "<group>"; };
		5405F6E21FCF5D4B0045D4B1 /* Base */ = {isa = PBXFileReference; lastKnownFileType = file.storyboard; name = Base; path = Base.lproj/Main.storyboard; sourceTree = "<group>"; };
		5405F6E41FCF5D4B0045D4B1 /* Info.plist */ = {isa = PBXFileReference; lastKnownFileType = text.plist.xml; path = Info.plist; sourceTree = "<group>"; };
		5405F6E51FCF5D4B0045D4B1 /* AndroidIosCppExample.entitlements */ = {isa = PBXFileReference; lastKnownFileType = text.plist.entitlements; path = AndroidIosCppExample.entitlements; sourceTree = "<group>"; };
		54C0BD041FCF5FFC0070924E /* AndroidIosCppExample-Bridging-Header.h */ = {isa = PBXFileReference; lastKnownFileType = sourcecode.c.h; path = "AndroidIosCppExample-Bridging-Header.h"; sourceTree = "<group>"; };
		54C0BD051FCF5FFC0070924E /* CoreWrapper.h */ = {isa = PBXFileReference; lastKnownFileType = sourcecode.c.h; path = CoreWrapper.h; sourceTree = "<group>"; };
		54C0BD061FCF5FFC0070924E /* CoreWrapper.mm */ = {isa = PBXFileReference; lastKnownFileType = sourcecode.cpp.objcpp; path = CoreWrapper.mm; sourceTree = "<group>"; };
		54C0BD081FCF61AB0070924E /* Core.cpp */ = {isa = PBXFileReference; fileEncoding = 4; lastKnownFileType = sourcecode.cpp.cpp; name = Core.cpp; path = ../../CPP/Core.cpp; sourceTree = "<group>"; };
		54C0BD091FCF61AB0070924E /* Core.h */ = {isa = PBXFileReference; fileEncoding = 4; lastKnownFileType = sourcecode.c.h; name = Core.h; path = ../../CPP/Core.h; sourceTree = "<group>"; };
/* End PBXFileReference section */

/* Begin PBXFrameworksBuildPhase section */
		5405F6D51FCF5D4B0045D4B1 /* Frameworks */ = {
			isa = PBXFrameworksBuildPhase;
			buildActionMask = 2147483647;
			files = (
			);
			runOnlyForDeploymentPostprocessing = 0;
		};
/* End PBXFrameworksBuildPhase section */

/* Begin PBXGroup section */
		5405F6CF1FCF5D4A0045D4B1 = {
			isa = PBXGroup;
			children = (
				5405F6DA1FCF5D4B0045D4B1 /* AndroidIosCppExample */,
				5405F6D91FCF5D4B0045D4B1 /* Products */,
			);
			sourceTree = "<group>";
		};
		5405F6D91FCF5D4B0045D4B1 /* Products */ = {
			isa = PBXGroup;
			children = (
				5405F6D81FCF5D4B0045D4B1 /* AndroidIosCppExample.app */,
			);
			name = Products;
			sourceTree = "<group>";
		};
		5405F6DA1FCF5D4B0045D4B1 /* AndroidIosCppExample */ = {
			isa = PBXGroup;
			children = (
				54C0BD041FCF5FFC0070924E /* AndroidIosCppExample-Bridging-Header.h */,
				5405F6E51FCF5D4B0045D4B1 /* AndroidIosCppExample.entitlements */,
				5405F6DB1FCF5D4B0045D4B1 /* AppDelegate.swift */,
				5405F6DF1FCF5D4B0045D4B1 /* Assets.xcassets */,
				54C0BD081FCF61AB0070924E /* Core.cpp */,
				54C0BD091FCF61AB0070924E /* Core.h */,
				54C0BD051FCF5FFC0070924E /* CoreWrapper.h */,
				54C0BD061FCF5FFC0070924E /* CoreWrapper.mm */,
				5405F6E41FCF5D4B0045D4B1 /* Info.plist */,
				5405F6E11FCF5D4B0045D4B1 /* Main.storyboard */,
				5405F6DD1FCF5D4B0045D4B1 /* ViewController.swift */,
			);
			path = AndroidIosCppExample;
			sourceTree = "<group>";
		};
/* End PBXGroup section */

/* Begin PBXNativeTarget section */
		5405F6D71FCF5D4B0045D4B1 /* AndroidIosCppExample */ = {
			isa = PBXNativeTarget;
			buildConfigurationList = 5405F6E81FCF5D4B0045D4B1 /* Build configuration list for PBXNativeTarget "AndroidIosCppExample" */;
			buildPhases = (
				5405F6D41FCF5D4B0045D4B1 /* Sources */,
				5405F6D51FCF5D4B0045D4B1 /* Frameworks */,
				5405F6D61FCF5D4B0045D4B1 /* Resources */,
			);
			buildRules = (
			);
			dependencies = (
			);
			name = AndroidIosCppExample;
			productName = AndroidIosCppExample;
			productReference = 5405F6D81FCF5D4B0045D4B1 /* AndroidIosCppExample.app */;
			productType = "com.apple.product-type.application";
		};
/* End PBXNativeTarget section */

/* Begin PBXProject section */
		5405F6D01FCF5D4A0045D4B1 /* Project object */ = {
			isa = PBXProject;
			attributes = {
				LastSwiftUpdateCheck = 0910;
				LastUpgradeCheck = 0910;
				ORGANIZATIONNAME = "Ademar Oliveira";
				TargetAttributes = {
					5405F6D71FCF5D4B0045D4B1 = {
						CreatedOnToolsVersion = 9.1;
						LastSwiftMigration = 0910;
						ProvisioningStyle = Automatic;
					};
				};
			};
			buildConfigurationList = 5405F6D31FCF5D4A0045D4B1 /* Build configuration list for PBXProject "AndroidIosCppExample" */;
			compatibilityVersion = "Xcode 8.0";
			developmentRegion = en;
			hasScannedForEncodings = 0;
			knownRegions = (
				en,
				Base,
			);
			mainGroup = 5405F6CF1FCF5D4A0045D4B1;
			productRefGroup = 5405F6D91FCF5D4B0045D4B1 /* Products */;
			projectDirPath = "";
			projectRoot = "";
			targets = (
				5405F6D71FCF5D4B0045D4B1 /* AndroidIosCppExample */,
			);
		};
/* End PBXProject section */

/* Begin PBXResourcesBuildPhase section */
		5405F6D61FCF5D4B0045D4B1 /* Resources */ = {
			isa = PBXResourcesBuildPhase;
			buildActionMask = 2147483647;
			files = (
				5405F6E01FCF5D4B0045D4B1 /* Assets.xcassets in Resources */,
				5405F6E31FCF5D4B0045D4B1 /* Main.storyboard in Resources */,
			);
			runOnlyForDeploymentPostprocessing = 0;
		};
/* End PBXResourcesBuildPhase section */

/* Begin PBXSourcesBuildPhase section */
		5405F6D41FCF5D4B0045D4B1 /* Sources */ = {
			isa = PBXSourcesBuildPhase;
			buildActionMask = 2147483647;
			files = (
				54C0BD071FCF5FFC0070924E /* CoreWrapper.mm in Sources */,
				5405F6DE1FCF5D4B0045D4B1 /* ViewController.swift in Sources */,
				54C0BD0A1FCF61AB0070924E /* Core.cpp in Sources */,
				5405F6DC1FCF5D4B0045D4B1 /* AppDelegate.swift in Sources */,
			);
			runOnlyForDeploymentPostprocessing = 0;
		};
/* End PBXSourcesBuildPhase section */

/* Begin PBXVariantGroup section */
		5405F6E11FCF5D4B0045D4B1 /* Main.storyboard */ = {
			isa = PBXVariantGroup;
			children = (
				5405F6E21FCF5D4B0045D4B1 /* Base */,
			);
			name = Main.storyboard;
			sourceTree = "<group>";
		};
/* End PBXVariantGroup section */

/* Begin XCBuildConfiguration section */
		5405F6E61FCF5D4B0045D4B1 /* Debug */ = {
			isa = XCBuildConfiguration;
			buildSettings = {
				ALWAYS_SEARCH_USER_PATHS = NO;
				CLANG_ANALYZER_NONNULL = YES;
				CLANG_ANALYZER_NUMBER_OBJECT_CONVERSION = YES_AGGRESSIVE;
				CLANG_CXX_LANGUAGE_STANDARD = "gnu++14";
				CLANG_CXX_LIBRARY = "libc++";
				CLANG_ENABLE_MODULES = YES;
				CLANG_ENABLE_OBJC_ARC = YES;
				CLANG_WARN_BLOCK_CAPTURE_AUTORELEASING = YES;
				CLANG_WARN_BOOL_CONVERSION = YES;
				CLANG_WARN_COMMA = YES;
				CLANG_WARN_CONSTANT_CONVERSION = YES;
				CLANG_WARN_DIRECT_OBJC_ISA_USAGE = YES_ERROR;
				CLANG_WARN_DOCUMENTATION_COMMENTS = YES;
				CLANG_WARN_EMPTY_BODY = YES;
				CLANG_WARN_ENUM_CONVERSION = YES;
				CLANG_WARN_INFINITE_RECURSION = YES;
				CLANG_WARN_INT_CONVERSION = YES;
				CLANG_WARN_NON_LITERAL_NULL_CONVERSION = YES;
				CLANG_WARN_OBJC_LITERAL_CONVERSION = YES;
				CLANG_WARN_OBJC_ROOT_CLASS = YES_ERROR;
				CLANG_WARN_RANGE_LOOP_ANALYSIS = YES;
				CLANG_WARN_STRICT_PROTOTYPES = YES;
				CLANG_WARN_SUSPICIOUS_MOVE = YES;
				CLANG_WARN_UNGUARDED_AVAILABILITY = YES_AGGRESSIVE;
				CLANG_WARN_UNREACHABLE_CODE = YES;
				CLANG_WARN__DUPLICATE_METHOD_MATCH = YES;
				CODE_SIGN_IDENTITY = "-";
				COPY_PHASE_STRIP = NO;
				DEBUG_INFORMATION_FORMAT = dwarf;
				ENABLE_STRICT_OBJC_MSGSEND = YES;
				ENABLE_TESTABILITY = YES;
				GCC_C_LANGUAGE_STANDARD = gnu11;
				GCC_DYNAMIC_NO_PIC = NO;
				GCC_NO_COMMON_BLOCKS = YES;
				GCC_OPTIMIZATION_LEVEL = 0;
				GCC_PREPROCESSOR_DEFINITIONS = (
					"DEBUG=1",
					"$(inherited)",
				);
				GCC_WARN_64_TO_32_BIT_CONVERSION = YES;
				GCC_WARN_ABOUT_RETURN_TYPE = YES_ERROR;
				GCC_WARN_UNDECLARED_SELECTOR = YES;
				GCC_WARN_UNINITIALIZED_AUTOS = YES_AGGRESSIVE;
				GCC_WARN_UNUSED_FUNCTION = YES;
				GCC_WARN_UNUSED_VARIABLE = YES;
				MACOSX_DEPLOYMENT_TARGET = 10.13;
				MTL_ENABLE_DEBUG_INFO = YES;
				ONLY_ACTIVE_ARCH = YES;
				SDKROOT = macosx;
				SWIFT_ACTIVE_COMPILATION_CONDITIONS = DEBUG;
				SWIFT_OPTIMIZATION_LEVEL = "-Onone";
			};
			name = Debug;
		};
		5405F6E71FCF5D4B0045D4B1 /* Release */ = {
			isa = XCBuildConfiguration;
			buildSettings = {
				ALWAYS_SEARCH_USER_PATHS = NO;
				CLANG_ANALYZER_NONNULL = YES;
				CLANG_ANALYZER_NUMBER_OBJECT_CONVERSION = YES_AGGRESSIVE;
				CLANG_CXX_LANGUAGE_STANDARD = "gnu++14";
				CLANG_CXX_LIBRARY = "libc++";
				CLANG_ENABLE_MODULES = YES;
				CLANG_ENABLE_OBJC_ARC = YES;
				CLANG_WARN_BLOCK_CAPTURE_AUTORELEASING = YES;
				CLANG_WARN_BOOL_CONVERSION = YES;
				CLANG_WARN_COMMA = YES;
				CLANG_WARN_CONSTANT_CONVERSION = YES;
				CLANG_WARN_DIRECT_OBJC_ISA_USAGE = YES_ERROR;
				CLANG_WARN_DOCUMENTATION_COMMENTS = YES;
				CLANG_WARN_EMPTY_BODY = YES;
				CLANG_WARN_ENUM_CONVERSION = YES;
				CLANG_WARN_INFINITE_RECURSION = YES;
				CLANG_WARN_INT_CONVERSION = YES;
				CLANG_WARN_NON_LITERAL_NULL_CONVERSION = YES;
				CLANG_WARN_OBJC_LITERAL_CONVERSION = YES;
				CLANG_WARN_OBJC_ROOT_CLASS = YES_ERROR;
				CLANG_WARN_RANGE_LOOP_ANALYSIS = YES;
				CLANG_WARN_STRICT_PROTOTYPES = YES;
				CLANG_WARN_SUSPICIOUS_MOVE = YES;
				CLANG_WARN_UNGUARDED_AVAILABILITY = YES_AGGRESSIVE;
				CLANG_WARN_UNREACHABLE_CODE = YES;
				CLANG_WARN__DUPLICATE_METHOD_MATCH = YES;
				CODE_SIGN_IDENTITY = "-";
				COPY_PHASE_STRIP = NO;
				DEBUG_INFORMATION_FORMAT = "dwarf-with-dsym";
				ENABLE_NS_ASSERTIONS = NO;
				ENABLE_STRICT_OBJC_MSGSEND = YES;
				GCC_C_LANGUAGE_STANDARD = gnu11;
				GCC_NO_COMMON_BLOCKS = YES;
				GCC_WARN_64_TO_32_BIT_CONVERSION = YES;
				GCC_WARN_ABOUT_RETURN_TYPE = YES_ERROR;
				GCC_WARN_UNDECLARED_SELECTOR = YES;
				GCC_WARN_UNINITIALIZED_AUTOS = YES_AGGRESSIVE;
				GCC_WARN_UNUSED_FUNCTION = YES;
				GCC_WARN_UNUSED_VARIABLE = YES;
				MACOSX_DEPLOYMENT_TARGET = 10.13;
				MTL_ENABLE_DEBUG_INFO = NO;
				SDKROOT = macosx;
				SWIFT_OPTIMIZATION_LEVEL = "-Owholemodule";
			};
			name = Release;
		};
		5405F6E91FCF5D4B0045D4B1 /* Debug */ = {
			isa = XCBuildConfiguration;
			buildSettings = {
				ASSETCATALOG_COMPILER_APPICON_NAME = AppIcon;
				CLANG_ENABLE_MODULES = YES;
				CODE_SIGN_ENTITLEMENTS = AndroidIosCppExample/AndroidIosCppExample.entitlements;
				CODE_SIGN_STYLE = Automatic;
				COMBINE_HIDPI_IMAGES = YES;
				INFOPLIST_FILE = AndroidIosCppExample/Info.plist;
				LD_RUNPATH_SEARCH_PATHS = "$(inherited) @executable_path/../Frameworks";
				PRODUCT_BUNDLE_IDENTIFIER = ademar.AndroidIosCppExample;
				PRODUCT_NAME = "$(TARGET_NAME)";
				SWIFT_OBJC_BRIDGING_HEADER = "AndroidIosCppExample/AndroidIosCppExample-Bridging-Header.h";
				SWIFT_OPTIMIZATION_LEVEL = "-Onone";
				SWIFT_VERSION = 4.0;
			};
			name = Debug;
		};
		5405F6EA1FCF5D4B0045D4B1 /* Release */ = {
			isa = XCBuildConfiguration;
			buildSettings = {
				ASSETCATALOG_COMPILER_APPICON_NAME = AppIcon;
				CLANG_ENABLE_MODULES = YES;
				CODE_SIGN_ENTITLEMENTS = AndroidIosCppExample/AndroidIosCppExample.entitlements;
				CODE_SIGN_STYLE = Automatic;
				COMBINE_HIDPI_IMAGES = YES;
				INFOPLIST_FILE = AndroidIosCppExample/Info.plist;
				LD_RUNPATH_SEARCH_PATHS = "$(inherited) @executable_path/../Frameworks";
				PRODUCT_BUNDLE_IDENTIFIER = ademar.AndroidIosCppExample;
				PRODUCT_NAME = "$(TARGET_NAME)";
				SWIFT_OBJC_BRIDGING_HEADER = "AndroidIosCppExample/AndroidIosCppExample-Bridging-Header.h";
				SWIFT_VERSION = 4.0;
			};
			name = Release;
		};
/* End XCBuildConfiguration section */

/* Begin XCConfigurationList section */
		5405F6D31FCF5D4A0045D4B1 /* Build configuration list for PBXProject "AndroidIosCppExample" */ = {
			isa = XCConfigurationList;
			buildConfigurations = (
				5405F6E61FCF5D4B0045D4B1 /* Debug */,
				5405F6E71FCF5D4B0045D4B1 /* Release */,
			);
			defaultConfigurationIsVisible = 0;
			defaultConfigurationName = Release;
		};
		5405F6E81FCF5D4B0045D4B1 /* Build configuration list for PBXNativeTarget "AndroidIosCppExample" */ = {
			isa = XCConfigurationList;
			buildConfigurations = (
				5405F6E91FCF5D4B0045D4B1 /* Debug */,
				5405F6EA1FCF5D4B0045D4B1 /* Release */,
			);
			defaultConfigurationIsVisible = 0;
			defaultConfigurationName = Release;
		};
/* End XCConfigurationList section */
	};
	rootObject = 5405F6D01FCF5D4A0045D4B1 /* Project object */;
}
